
Microsoft Visual Studio Solution File, Format Version 12.00
Project("{FAE04EC0-301F-11D3-BF4B-00C04F79EFBC}") = "playlistimport", "playlistimport.csproj", "{087FD36E-CA4A-45A3-BC05-771A6568E18A}"
EndProject
Project("{FAE04EC0-301F-11D3-BF4B-00C04F79EFBC}") = "Utilities", "Utilities\Utilities.csproj", "{32DB5602-D8B6-4537-851C-491920D59EAD}"
EndProject
Global
	GlobalSection(SolutionConfigurationPlatforms) = preSolution
		Debug|Any CPU = Debug|Any CPU
		Release|Any CPU = Release|Any CPU
	EndGlobalSection
	GlobalSection(ProjectConfigurationPlatforms) = postSolution
		{087FD36E-CA4A-45A3-BC05-771A6568E18A}.Debug|Any CPU.ActiveCfg = Debug|Any CPU
		{087FD36E-CA4A-45A3-BC05-771A6568E18A}.Debug|Any CPU.Build.0 = Debug|Any CPU
		{087FD36E-CA4A-45A3-BC05-771A6568E18A}.Release|Any CPU.ActiveCfg = Release|Any CPU
		{087FD36E-CA4A-45A3-BC05-771A6568E18A}.Release|Any CPU.Build.0 = Release|Any CPU
		{32DB5602-D8B6-4537-851C-491920D59EAD}.Debug|Any CPU.ActiveCfg = Debug|Any CPU
		{32DB5602-D8B6-4537-851C-491920D59EAD}.Debug|Any CPU.Build.0 = Debug|Any CPU
		{32DB5602-D8B6-4537-851C-491920D59EAD}.Release|Any CPU.ActiveCfg = Release|Any CPU
		{32DB5602-D8B6-4537-851C-491920D59EAD}.Release|Any CPU.Build.0 = Release|Any CPU
	EndGlobalSection
EndGlobal
